
Microsoft Visual Studio Solution File, Format Version 12.00
# Visual Studio Version 17
VisualStudioVersion = 17.4.33103.184
MinimumVisualStudioVersion = 10.0.40219.1
Project("{FAE04EC0-301F-11D3-BF4B-00C04F79EFBC}") = "LockMonitor", "LockMonitor\LockMonitor.csproj", "{52215FAA-51A4-47A2-AE46-04F41E346D60}"
EndProject
Global
	GlobalSection(SolutionConfigurationPlatforms) = preSolution
		Debug|Any CPU = Debug|Any CPU
		Release|Any CPU = Release|Any CPU
	EndGlobalSection
	GlobalSection(ProjectConfigurationPlatforms) = postSolution
		{52215FAA-51A4-47A2-AE46-04F41E346D60}.Debug|Any CPU.ActiveCfg = Debug|Any CPU
		{52215FAA-51A4-47A2-AE46-04F41E346D60}.Debug|Any CPU.Build.0 = Debug|Any CPU
		{52215FAA-51A4-47A2-AE46-04F41E346D60}.Release|Any CPU.ActiveCfg = Release|Any CPU
		{52215FAA-51A4-47A2-AE46-04F41E346D60}.Release|Any CPU.Build.0 = Release|Any CPU
	EndGlobalSection
	GlobalSection(SolutionProperties) = preSolution
		HideSolutionNode = FALSE
	EndGlobalSection
	GlobalSection(ExtensibilityGlobals) = postSolution
		SolutionGuid = {6977C286-DC82-49FF-BB44-D5D9AC3601C4}
	EndGlobalSection
EndGlobal
